
Microsoft Visual Studio Solution File, Format Version 12.00
# Visual Studio Version 17
VisualStudioVersion = 17.6.33815.320
MinimumVisualStudioVersion = 10.0.40219.1
Project("{FAE04EC0-301F-11D3-BF4B-00C04F79EFBC}") = "Testability", "Testability\Testability.csproj", "{C8B9243B-EF17-4F41-9BFB-E3A0954BC81E}"
EndProject
Project("{FAE04EC0-301F-11D3-BF4B-00C04F79EFBC}") = "Testability.UnitTests", "Testability.UnitTests\Testability.UnitTests.csproj", "{3FAB5240-35E3-4424-A52B-0D9474CE3FA1}"
EndProject
Global
	GlobalSection(SolutionConfigurationPlatforms) = preSolution
		Debug|Any CPU = Debug|Any CPU
		Release|Any CPU = Release|Any CPU
	EndGlobalSection
	GlobalSection(ProjectConfigurationPlatforms) = postSolution
		{C8B9243B-EF17-4F41-9BFB-E3A0954BC81E}.Debug|Any CPU.ActiveCfg = Debug|Any CPU
		{C8B9243B-EF17-4F41-9BFB-E3A0954BC81E}.Debug|Any CPU.Build.0 = Debug|Any CPU
		{C8B9243B-EF17-4F41-9BFB-E3A0954BC81E}.Release|Any CPU.ActiveCfg = Release|Any CPU
		{C8B9243B-EF17-4F41-9BFB-E3A0954BC81E}.Release|Any CPU.Build.0 = Release|Any CPU
		{3FAB5240-35E3-4424-A52B-0D9474CE3FA1}.Debug|Any CPU.ActiveCfg = Debug|Any CPU
		{3FAB5240-35E3-4424-A52B-0D9474CE3FA1}.Debug|Any CPU.Build.0 = Debug|Any CPU
		{3FAB5240-35E3-4424-A52B-0D9474CE3FA1}.Release|Any CPU.ActiveCfg = Release|Any CPU
		{3FAB5240-35E3-4424-A52B-0D9474CE3FA1}.Release|Any CPU.Build.0 = Release|Any CPU
	EndGlobalSection
	GlobalSection(SolutionProperties) = preSolution
		HideSolutionNode = FALSE
	EndGlobalSection
	GlobalSection(ExtensibilityGlobals) = postSolution
		SolutionGuid = {9C6CE8ED-6662-4E2D-8EED-387AC62DC8DF}
	EndGlobalSection
EndGlobal
